{
  "name": "@wenathlan/saddle",
  "version": "1.8.5",
  "lockfileVersion": 3,
  "requires": true,
  "packages": {
    "": {
      "name": "@wenathlan/saddle",
      "version": "1.8.5",
      "license": "GPL-3.0-only",
      "bin": {
        "saddle": "cli/main.js"
      },
      "engines": {
        "node": ">=26.7.0",
        "npm": ">=10.9.2"
      },
      "peerDependencies": {
        "playwright": "^1.62.1"
      },
      "peerDependenciesMeta": {
        "playwright": {
          "optional": true
        }
      }
    }
  }
}
