{
  "name": "@devthink/saddle",
  "version": "1.8.0",
  "lockfileVersion": 3,
  "requires": true,
  "packages": {
    "": {
      "name": "@devthink/saddle",
      "version": "1.8.0",
    "license": "GPL-3.0-only",
      "bin": {
        "saddle": "cli/main.js"
      },
      "engines": {
        "node": ">=22"
      }
    }
  }
}
